// !$*UTF8*$!
{
	archiveVersion = 1;
	classes = {
	};
	objectVersion = 55;
	objects = {

/* Begin PBXBuildFile section */
		123F485129A19A16001B91B3 /* CheckRowUserView.swift in Sources */ = {isa = PBXBuildFile; fileRef = 123F485029A19A16001B91B3 /* CheckRowUserView.swift */; };
		123F485429A1D9BF001B91B3 /* RealmCrudManager.swift in Sources */ = {isa = PBXBuildFile; fileRef = 123F485329A1D9BF001B91B3 /* RealmCrudManager.swift */; };
		123F485629A23886001B91B3 /* ControlPanelView.swift in Sources */ = {isa = PBXBuildFile; fileRef = 123F485529A23886001B91B3 /* ControlPanelView.swift */; };
		123F485829A256DB001B91B3 /* RelationEnum.swift in Sources */ = {isa = PBXBuildFile; fileRef = 123F485729A256DB001B91B3 /* RelationEnum.swift */; };
		123F485B29A42083001B91B3 /* NoticeDateFlagView.swift in Sources */ = {isa = PBXBuildFile; fileRef = 123F485A29A42083001B91B3 /* NoticeDateFlagView.swift */; };
		12682BAA29A655FF00D0498F /* ExtensionViewModifier.swift in Sources */ = {isa = PBXBuildFile; fileRef = 12682BA929A655FF00D0498F /* ExtensionViewModifier.swift */; };
		12682BAC29A6CC4F00D0498F /* ColorAsset.swift in Sources */ = {isa = PBXBuildFile; fileRef = 12682BAB29A6CC4F00D0498F /* ColorAsset.swift */; };
		12682BAF29A784E600D0498F /* RemoveButtonView.swift in Sources */ = {isa = PBXBuildFile; fileRef = 12682BAE29A784E600D0498F /* RemoveButtonView.swift */; };
		12682BB129A785EE00D0498F /* SortedButtonView.swift in Sources */ = {isa = PBXBuildFile; fileRef = 12682BB029A785EE00D0498F /* SortedButtonView.swift */; };
		12682BB329A788A200D0498F /* EntryButtonView.swift in Sources */ = {isa = PBXBuildFile; fileRef = 12682BB229A788A200D0498F /* EntryButtonView.swift */; };
		12682BB529A7949000D0498F /* MiddleUserInfoView.swift in Sources */ = {isa = PBXBuildFile; fileRef = 12682BB429A7949000D0498F /* MiddleUserInfoView.swift */; };
		12682BB729A7963200D0498F /* UpSideUserInfoView.swift in Sources */ = {isa = PBXBuildFile; fileRef = 12682BB629A7963200D0498F /* UpSideUserInfoView.swift */; };
		12682BB929A80FFA00D0498F /* NoticeMsgView.swift in Sources */ = {isa = PBXBuildFile; fileRef = 12682BB829A80FFA00D0498F /* NoticeMsgView.swift */; };
		12ACAD2529951A0E00273834 /* GoogleService-Info.plist in Resources */ = {isa = PBXBuildFile; fileRef = 12ACAD2429951A0E00273834 /* GoogleService-Info.plist */; };
		12ACAD2729984D5400273834 /* DateManagerModel.swift in Sources */ = {isa = PBXBuildFile; fileRef = 12ACAD2629984D5400273834 /* DateManagerModel.swift */; };
		12ACAD2A2998C1E100273834 /* HeaderView.swift in Sources */ = {isa = PBXBuildFile; fileRef = 12ACAD292998C1E100273834 /* HeaderView.swift */; };
		12ACAD2C299C36CB00273834 /* UpSideView.swift in Sources */ = {isa = PBXBuildFile; fileRef = 12ACAD2B299C36CB00273834 /* UpSideView.swift */; };
		12ACAD2E299C36DB00273834 /* DownSideView.swift in Sources */ = {isa = PBXBuildFile; fileRef = 12ACAD2D299C36DB00273834 /* DownSideView.swift */; };
		12ACAD32299EDD6200273834 /* DeviceSizeModel.swift in Sources */ = {isa = PBXBuildFile; fileRef = 12ACAD31299EDD6200273834 /* DeviceSizeModel.swift */; };
		12ACAD34299FAE8D00273834 /* RewardButtonView.swift in Sources */ = {isa = PBXBuildFile; fileRef = 12ACAD33299FAE8D00273834 /* RewardButtonView.swift */; };
		12CB91FD28E5C6E1002BD7B2 /* MinnanoTanjyoubiApp.swift in Sources */ = {isa = PBXBuildFile; fileRef = 12CB91FC28E5C6E1002BD7B2 /* MinnanoTanjyoubiApp.swift */; };
		12CB91FF28E5C6E1002BD7B2 /* ContentView.swift in Sources */ = {isa = PBXBuildFile; fileRef = 12CB91FE28E5C6E1002BD7B2 /* ContentView.swift */; };
		12CB920128E5C6E1002BD7B2 /* Assets.xcassets in Resources */ = {isa = PBXBuildFile; fileRef = 12CB920028E5C6E1002BD7B2 /* Assets.xcassets */; };
		12CB920428E5C6E1002BD7B2 /* Preview Assets.xcassets in Resources */ = {isa = PBXBuildFile; fileRef = 12CB920328E5C6E1002BD7B2 /* Preview Assets.xcassets */; };
		12CB920C28E5C884002BD7B2 /* UserModels.swift in Sources */ = {isa = PBXBuildFile; fileRef = 12CB920B28E5C884002BD7B2 /* UserModels.swift */; };
		12CB920F28E5C89B002BD7B2 /* AdMobViewModels.swift in Sources */ = {isa = PBXBuildFile; fileRef = 12CB920E28E5C89B002BD7B2 /* AdMobViewModels.swift */; };
		12CB921128E64ABC002BD7B2 /* ListUserView.swift in Sources */ = {isa = PBXBuildFile; fileRef = 12CB921028E64ABC002BD7B2 /* ListUserView.swift */; };
		12CB921328E6FD43002BD7B2 /* RowUserView.swift in Sources */ = {isa = PBXBuildFile; fileRef = 12CB921228E6FD43002BD7B2 /* RowUserView.swift */; };
		12CB921628E6FF26002BD7B2 /* EntryUserView.swift in Sources */ = {isa = PBXBuildFile; fileRef = 12CB921528E6FF26002BD7B2 /* EntryUserView.swift */; };
		12CB921828E858DF002BD7B2 /* DetailUserView.swift in Sources */ = {isa = PBXBuildFile; fileRef = 12CB921728E858DF002BD7B2 /* DetailUserView.swift */; };
		12CB921A28E85952002BD7B2 /* SettingView.swift in Sources */ = {isa = PBXBuildFile; fileRef = 12CB921928E85952002BD7B2 /* SettingView.swift */; };
		12CB921E28E9223C002BD7B2 /* RelationPickerView.swift in Sources */ = {isa = PBXBuildFile; fileRef = 12CB921D28E9223C002BD7B2 /* RelationPickerView.swift */; };
		12CB922028E92293002BD7B2 /* DatePickerView.swift in Sources */ = {isa = PBXBuildFile; fileRef = 12CB921F28E92293002BD7B2 /* DatePickerView.swift */; };
		12CB922228E9241D002BD7B2 /* ShareButtonView.swift in Sources */ = {isa = PBXBuildFile; fileRef = 12CB922128E9241D002BD7B2 /* ShareButtonView.swift */; };
		12CB922628EB134D002BD7B2 /* AppDelegate.swift in Sources */ = {isa = PBXBuildFile; fileRef = 12CB922528EB134D002BD7B2 /* AppDelegate.swift */; };
		12CB922828EB1529002BD7B2 /* NotificationRequestManager.swift in Sources */ = {isa = PBXBuildFile; fileRef = 12CB922728EB1529002BD7B2 /* NotificationRequestManager.swift */; };
		12CB925428EEC755002BD7B2 /* TimePickerView.swift in Sources */ = {isa = PBXBuildFile; fileRef = 12CB925328EEC754002BD7B2 /* TimePickerView.swift */; };
		12D0C7FF2953B7CD002C9C4E /* NotificationButtonView.swift in Sources */ = {isa = PBXBuildFile; fileRef = 12D0C7FE2953B7CD002C9C4E /* NotificationButtonView.swift */; };
		FC61592AD699FD872A6E3487 /* Pods_MinnanoTanjyoubi.framework in Frameworks */ = {isa = PBXBuildFile; fileRef = 748C37ED1DB63AF9B33A268C /* Pods_MinnanoTanjyoubi.framework */; };
/* End PBXBuildFile section */

/* Begin PBXFileReference section */
		123F485029A19A16001B91B3 /* CheckRowUserView.swift */ = {isa = PBXFileReference; lastKnownFileType = sourcecode.swift; path = CheckRowUserView.swift; sourceTree = "<group>"; };
		123F485329A1D9BF001B91B3 /* RealmCrudManager.swift */ = {isa = PBXFileReference; lastKnownFileType = sourcecode.swift; path = RealmCrudManager.swift; sourceTree = "<group>"; };
		123F485529A23886001B91B3 /* ControlPanelView.swift */ = {isa = PBXFileReference; lastKnownFileType = sourcecode.swift; path = ControlPanelView.swift; sourceTree = "<group>"; };
		123F485729A256DB001B91B3 /* RelationEnum.swift */ = {isa = PBXFileReference; lastKnownFileType = sourcecode.swift; path = RelationEnum.swift; sourceTree = "<group>"; };
		123F485A29A42083001B91B3 /* NoticeDateFlagView.swift */ = {isa = PBXFileReference; lastKnownFileType = sourcecode.swift; path = NoticeDateFlagView.swift; sourceTree = "<group>"; };
		12682BA929A655FF00D0498F /* ExtensionViewModifier.swift */ = {isa = PBXFileReference; lastKnownFileType = sourcecode.swift; path = ExtensionViewModifier.swift; sourceTree = "<group>"; };
		12682BAB29A6CC4F00D0498F /* ColorAsset.swift */ = {isa = PBXFileReference; lastKnownFileType = sourcecode.swift; path = ColorAsset.swift; sourceTree = "<group>"; };
		12682BAE29A784E600D0498F /* RemoveButtonView.swift */ = {isa = PBXFileReference; lastKnownFileType = sourcecode.swift; path = RemoveButtonView.swift; sourceTree = "<group>"; };
		12682BB029A785EE00D0498F /* SortedButtonView.swift */ = {isa = PBXFileReference; lastKnownFileType = sourcecode.swift; path = SortedButtonView.swift; sourceTree = "<group>"; };
		12682BB229A788A200D0498F /* EntryButtonView.swift */ = {isa = PBXFileReference; lastKnownFileType = sourcecode.swift; path = EntryButtonView.swift; sourceTree = "<group>"; };
		12682BB429A7949000D0498F /* MiddleUserInfoView.swift */ = {isa = PBXFileReference; lastKnownFileType = sourcecode.swift; path = MiddleUserInfoView.swift; sourceTree = "<group>"; };
		12682BB629A7963200D0498F /* UpSideUserInfoView.swift */ = {isa = PBXFileReference; lastKnownFileType = sourcecode.swift; path = UpSideUserInfoView.swift; sourceTree = "<group>"; };
		12682BB829A80FFA00D0498F /* NoticeMsgView.swift */ = {isa = PBXFileReference; lastKnownFileType = sourcecode.swift; path = NoticeMsgView.swift; sourceTree = "<group>"; };
		12ACAD2429951A0E00273834 /* GoogleService-Info.plist */ = {isa = PBXFileReference; lastKnownFileType = text.plist; path = "GoogleService-Info.plist"; sourceTree = SOURCE_ROOT; };
		12ACAD2629984D5400273834 /* DateManagerModel.swift */ = {isa = PBXFileReference; lastKnownFileType = sourcecode.swift; path = DateManagerModel.swift; sourceTree = "<group>"; };
		12ACAD292998C1E100273834 /* HeaderView.swift */ = {isa = PBXFileReference; lastKnownFileType = sourcecode.swift; path = HeaderView.swift; sourceTree = "<group>"; };
		12ACAD2B299C36CB00273834 /* UpSideView.swift */ = {isa = PBXFileReference; lastKnownFileType = sourcecode.swift; path = UpSideView.swift; sourceTree = "<group>"; };
		12ACAD2D299C36DB00273834 /* DownSideView.swift */ = {isa = PBXFileReference; lastKnownFileType = sourcecode.swift; path = DownSideView.swift; sourceTree = "<group>"; };
		12ACAD31299EDD6200273834 /* DeviceSizeModel.swift */ = {isa = PBXFileReference; lastKnownFileType = sourcecode.swift; path = DeviceSizeModel.swift; sourceTree = "<group>"; };
		12ACAD33299FAE8D00273834 /* RewardButtonView.swift */ = {isa = PBXFileReference; lastKnownFileType = sourcecode.swift; path = RewardButtonView.swift; sourceTree = "<group>"; };
		12CB91F928E5C6E0002BD7B2 /* MinnanoTanjyoubi.app */ = {isa = PBXFileReference; explicitFileType = wrapper.application; includeInIndex = 0; path = MinnanoTanjyoubi.app; sourceTree = BUILT_PRODUCTS_DIR; };
		12CB91FC28E5C6E1002BD7B2 /* MinnanoTanjyoubiApp.swift */ = {isa = PBXFileReference; lastKnownFileType = sourcecode.swift; path = MinnanoTanjyoubiApp.swift; sourceTree = "<group>"; };
		12CB91FE28E5C6E1002BD7B2 /* ContentView.swift */ = {isa = PBXFileReference; lastKnownFileType = sourcecode.swift; path = ContentView.swift; sourceTree = "<group>"; };
		12CB920028E5C6E1002BD7B2 /* Assets.xcassets */ = {isa = PBXFileReference; lastKnownFileType = folder.assetcatalog; path = Assets.xcassets; sourceTree = "<group>"; };
		12CB920328E5C6E1002BD7B2 /* Preview Assets.xcassets */ = {isa = PBXFileReference; lastKnownFileType = folder.assetcatalog; path = "Preview Assets.xcassets"; sourceTree = "<group>"; };
		12CB920A28E5C7E3002BD7B2 /* Info.plist */ = {isa = PBXFileReference; lastKnownFileType = text.plist; path = Info.plist; sourceTree = "<group>"; };
		12CB920B28E5C884002BD7B2 /* UserModels.swift */ = {isa = PBXFileReference; lastKnownFileType = sourcecode.swift; path = UserModels.swift; sourceTree = "<group>"; };
		12CB920E28E5C89B002BD7B2 /* AdMobViewModels.swift */ = {isa = PBXFileReference; lastKnownFileType = sourcecode.swift; path = AdMobViewModels.swift; sourceTree = "<group>"; };
		12CB921028E64ABC002BD7B2 /* ListUserView.swift */ = {isa = PBXFileReference; lastKnownFileType = sourcecode.swift; path = ListUserView.swift; sourceTree = "<group>"; };
		12CB921228E6FD43002BD7B2 /* RowUserView.swift */ = {isa = PBXFileReference; lastKnownFileType = sourcecode.swift; path = RowUserView.swift; sourceTree = "<group>"; };
		12CB921528E6FF26002BD7B2 /* EntryUserView.swift */ = {isa = PBXFileReference; lastKnownFileType = sourcecode.swift; path = EntryUserView.swift; sourceTree = "<group>"; };
		12CB921728E858DF002BD7B2 /* DetailUserView.swift */ = {isa = PBXFileReference; lastKnownFileType = sourcecode.swift; path = DetailUserView.swift; sourceTree = "<group>"; };
		12CB921928E85952002BD7B2 /* SettingView.swift */ = {isa = PBXFileReference; lastKnownFileType = sourcecode.swift; path = SettingView.swift; sourceTree = "<group>"; };
		12CB921D28E9223C002BD7B2 /* RelationPickerView.swift */ = {isa = PBXFileReference; lastKnownFileType = sourcecode.swift; path = RelationPickerView.swift; sourceTree = "<group>"; };
		12CB921F28E92293002BD7B2 /* DatePickerView.swift */ = {isa = PBXFileReference; lastKnownFileType = sourcecode.swift; path = DatePickerView.swift; sourceTree = "<group>"; };
		12CB922128E9241D002BD7B2 /* ShareButtonView.swift */ = {isa = PBXFileReference; lastKnownFileType = sourcecode.swift; path = ShareButtonView.swift; sourceTree = "<group>"; };
		12CB922528EB134D002BD7B2 /* AppDelegate.swift */ = {isa = PBXFileReference; lastKnownFileType = sourcecode.swift; path = AppDelegate.swift; sourceTree = "<group>"; };
		12CB922728EB1529002BD7B2 /* NotificationRequestManager.swift */ = {isa = PBXFileReference; lastKnownFileType = sourcecode.swift; path = NotificationRequestManager.swift; sourceTree = "<group>"; };
		12CB925328EEC754002BD7B2 /* TimePickerView.swift */ = {isa = PBXFileReference; lastKnownFileType = sourcecode.swift; path = TimePickerView.swift; sourceTree = "<group>"; };
		12D0C7FE2953B7CD002C9C4E /* NotificationButtonView.swift */ = {isa = PBXFileReference; lastKnownFileType = sourcecode.swift; path = NotificationButtonView.swift; sourceTree = "<group>"; };
		13F3BE9ECF2FEC3AE4EF77C2 /* Pods-MinnanoTanjyoubi.debug.xcconfig */ = {isa = PBXFileReference; includeInIndex = 1; lastKnownFileType = text.xcconfig; name = "Pods-MinnanoTanjyoubi.debug.xcconfig"; path = "Target Support Files/Pods-MinnanoTanjyoubi/Pods-MinnanoTanjyoubi.debug.xcconfig"; sourceTree = "<group>"; };
		2D32FE4F74F4E74D9B1C5240 /* Pods-MinnanoTanjyoubi.release.xcconfig */ = {isa = PBXFileReference; includeInIndex = 1; lastKnownFileType = text.xcconfig; name = "Pods-MinnanoTanjyoubi.release.xcconfig"; path = "Target Support Files/Pods-MinnanoTanjyoubi/Pods-MinnanoTanjyoubi.release.xcconfig"; sourceTree = "<group>"; };
		748C37ED1DB63AF9B33A268C /* Pods_MinnanoTanjyoubi.framework */ = {isa = PBXFileReference; explicitFileType = wrapper.framework; includeInIndex = 0; path = Pods_MinnanoTanjyoubi.framework; sourceTree = BUILT_PRODUCTS_DIR; };
/* End PBXFileReference section */

/* Begin PBXFrameworksBuildPhase section */
		12CB91F628E5C6E0002BD7B2 /* Frameworks */ = {
			isa = PBXFrameworksBuildPhase;
			buildActionMask = 2147483647;
			files = (
				FC61592AD699FD872A6E3487 /* Pods_MinnanoTanjyoubi.framework in Frameworks */,
			);
			runOnlyForDeploymentPostprocessing = 0;
		};
/* End PBXFrameworksBuildPhase section */

/* Begin PBXGroup section */
		123F485229A1D967001B91B3 /* Controller */ = {
			isa = PBXGroup;
			children = (
				12CB922728EB1529002BD7B2 /* NotificationRequestManager.swift */,
				123F485329A1D9BF001B91B3 /* RealmCrudManager.swift */,
			);
			path = Controller;
			sourceTree = "<group>";
		};
		123F485929A2CC98001B91B3 /* DetailUser */ = {
			isa = PBXGroup;
			children = (
				12682BB629A7963200D0498F /* UpSideUserInfoView.swift */,
				12682BB429A7949000D0498F /* MiddleUserInfoView.swift */,
				12D0C7FE2953B7CD002C9C4E /* NotificationButtonView.swift */,
			);
			path = DetailUser;
			sourceTree = "<group>";
		};
		12682BA829A655B900D0498F /* ExtensionView */ = {
			isa = PBXGroup;
			children = (
				12682BA929A655FF00D0498F /* ExtensionViewModifier.swift */,
			);
			path = ExtensionView;
			sourceTree = "<group>";
		};
		12682BAD29A784C800D0498F /* ControlPanel */ = {
			isa = PBXGroup;
			children = (
				12682BAE29A784E600D0498F /* RemoveButtonView.swift */,
				12682BB029A785EE00D0498F /* SortedButtonView.swift */,
				12682BB229A788A200D0498F /* EntryButtonView.swift */,
			);
			path = ControlPanel;
			sourceTree = "<group>";
		};
		12ACAD282998C1C500273834 /* View */ = {
			isa = PBXGroup;
			children = (
				12ACAD292998C1E100273834 /* HeaderView.swift */,
				12ACAD2B299C36CB00273834 /* UpSideView.swift */,
				12ACAD2D299C36DB00273834 /* DownSideView.swift */,
			);
			path = View;
			sourceTree = "<group>";
		};
		12CB91F028E5C6E0002BD7B2 = {
			isa = PBXGroup;
			children = (
				12CB91FB28E5C6E1002BD7B2 /* MinnanoTanjyoubi */,
				12CB91FA28E5C6E0002BD7B2 /* Products */,
				7CD4A05B51935857807E8CC5 /* Pods */,
				83A9CF5E2394ECC189F1B684 /* Frameworks */,
			);
			sourceTree = "<group>";
		};
		12CB91FA28E5C6E0002BD7B2 /* Products */ = {
			isa = PBXGroup;
			children = (
				12CB91F928E5C6E0002BD7B2 /* MinnanoTanjyoubi.app */,
			);
			name = Products;
			sourceTree = "<group>";
		};
		12CB91FB28E5C6E1002BD7B2 /* MinnanoTanjyoubi */ = {
			isa = PBXGroup;
			children = (
				12CB920A28E5C7E3002BD7B2 /* Info.plist */,
				12CB922528EB134D002BD7B2 /* AppDelegate.swift */,
				12CB91FC28E5C6E1002BD7B2 /* MinnanoTanjyoubiApp.swift */,
				12CB91FE28E5C6E1002BD7B2 /* ContentView.swift */,
				12CB921028E64ABC002BD7B2 /* ListUserView.swift */,
				12CB921528E6FF26002BD7B2 /* EntryUserView.swift */,
				12CB921728E858DF002BD7B2 /* DetailUserView.swift */,
				12CB921928E85952002BD7B2 /* SettingView.swift */,
				12682BA829A655B900D0498F /* ExtensionView */,
				12CB921B28E865F4002BD7B2 /* ViewComponents */,
				123F485229A1D967001B91B3 /* Controller */,
				12CB920D28E5C886002BD7B2 /* Models */,
				12CB920028E5C6E1002BD7B2 /* Assets.xcassets */,
				12ACAD2429951A0E00273834 /* GoogleService-Info.plist */,
				12CB920228E5C6E1002BD7B2 /* Preview Content */,
			);
			path = MinnanoTanjyoubi;
			sourceTree = "<group>";
		};
		12CB920228E5C6E1002BD7B2 /* Preview Content */ = {
			isa = PBXGroup;
			children = (
				12CB920328E5C6E1002BD7B2 /* Preview Assets.xcassets */,
			);
			path = "Preview Content";
			sourceTree = "<group>";
		};
		12CB920D28E5C886002BD7B2 /* Models */ = {
			isa = PBXGroup;
			children = (
				12CB920B28E5C884002BD7B2 /* UserModels.swift */,
				12682BAB29A6CC4F00D0498F /* ColorAsset.swift */,
				123F485729A256DB001B91B3 /* RelationEnum.swift */,
				12ACAD2629984D5400273834 /* DateManagerModel.swift */,
				12CB920E28E5C89B002BD7B2 /* AdMobViewModels.swift */,
				12ACAD31299EDD6200273834 /* DeviceSizeModel.swift */,
			);
			path = Models;
			sourceTree = "<group>";
		};
		12CB921B28E865F4002BD7B2 /* ViewComponents */ = {
			isa = PBXGroup;
			children = (
				12ACAD282998C1C500273834 /* View */,
				12CB921C28E8661F002BD7B2 /* ListUser */,
				12CB922428E9A8F5002BD7B2 /* EntryUser */,
				123F485929A2CC98001B91B3 /* DetailUser */,
				12CB922328E9A872002BD7B2 /* Setting */,
			);
			path = ViewComponents;
			sourceTree = "<group>";
		};
		12CB921C28E8661F002BD7B2 /* ListUser */ = {
			isa = PBXGroup;
			children = (
				12CB921228E6FD43002BD7B2 /* RowUserView.swift */,
				123F485529A23886001B91B3 /* ControlPanelView.swift */,
				123F485029A19A16001B91B3 /* CheckRowUserView.swift */,
				12682BAD29A784C800D0498F /* ControlPanel */,
			);
			path = ListUser;
			sourceTree = "<group>";
		};
		12CB922328E9A872002BD7B2 /* Setting */ = {
			isa = PBXGroup;
			children = (
				12CB925328EEC754002BD7B2 /* TimePickerView.swift */,
				12682BB829A80FFA00D0498F /* NoticeMsgView.swift */,
				123F485A29A42083001B91B3 /* NoticeDateFlagView.swift */,
				12CB922128E9241D002BD7B2 /* ShareButtonView.swift */,
				12ACAD33299FAE8D00273834 /* RewardButtonView.swift */,
			);
			path = Setting;
			sourceTree = "<group>";
		};
		12CB922428E9A8F5002BD7B2 /* EntryUser */ = {
			isa = PBXGroup;
			children = (
				12CB921F28E92293002BD7B2 /* DatePickerView.swift */,
				12CB921D28E9223C002BD7B2 /* RelationPickerView.swift */,
			);
			path = EntryUser;
			sourceTree = "<group>";
		};
		7CD4A05B51935857807E8CC5 /* Pods */ = {
			isa = PBXGroup;
			children = (
				13F3BE9ECF2FEC3AE4EF77C2 /* Pods-MinnanoTanjyoubi.debug.xcconfig */,
				2D32FE4F74F4E74D9B1C5240 /* Pods-MinnanoTanjyoubi.release.xcconfig */,
			);
			path = Pods;
			sourceTree = "<group>";
		};
		83A9CF5E2394ECC189F1B684 /* Frameworks */ = {
			isa = PBXGroup;
			children = (
				748C37ED1DB63AF9B33A268C /* Pods_MinnanoTanjyoubi.framework */,
			);
			name = Frameworks;
			sourceTree = "<group>";
		};
/* End PBXGroup section */

/* Begin PBXNativeTarget section */
		12CB91F828E5C6E0002BD7B2 /* MinnanoTanjyoubi */ = {
			isa = PBXNativeTarget;
			buildConfigurationList = 12CB920728E5C6E1002BD7B2 /* Build configuration list for PBXNativeTarget "MinnanoTanjyoubi" */;
			buildPhases = (
				4C51D6F7A50A7695D8FD0FC9 /* [CP] Check Pods Manifest.lock */,
				12CB91F528E5C6E0002BD7B2 /* Sources */,
				12CB91F628E5C6E0002BD7B2 /* Frameworks */,
				12CB91F728E5C6E0002BD7B2 /* Resources */,
				F014A423D9D1F42E9E895ED9 /* [CP] Embed Pods Frameworks */,
			);
			buildRules = (
			);
			dependencies = (
			);
			name = MinnanoTanjyoubi;
			productName = MinnanoTanjyoubi;
			productReference = 12CB91F928E5C6E0002BD7B2 /* MinnanoTanjyoubi.app */;
			productType = "com.apple.product-type.application";
		};
/* End PBXNativeTarget section */

/* Begin PBXProject section */
		12CB91F128E5C6E0002BD7B2 /* Project object */ = {
			isa = PBXProject;
			attributes = {
				BuildIndependentTargetsInParallel = 1;
				LastSwiftUpdateCheck = 1340;
				LastUpgradeCheck = 1340;
				TargetAttributes = {
					12CB91F828E5C6E0002BD7B2 = {
						CreatedOnToolsVersion = 13.4.1;
					};
				};
			};
			buildConfigurationList = 12CB91F428E5C6E0002BD7B2 /* Build configuration list for PBXProject "MinnanoTanjyoubi" */;
			compatibilityVersion = "Xcode 13.0";
			developmentRegion = en;
			hasScannedForEncodings = 0;
			knownRegions = (
				en,
				Base,
			);
			mainGroup = 12CB91F028E5C6E0002BD7B2;
			productRefGroup = 12CB91FA28E5C6E0002BD7B2 /* Products */;
			projectDirPath = "";
			projectRoot = "";
			targets = (
				12CB91F828E5C6E0002BD7B2 /* MinnanoTanjyoubi */,
			);
		};
/* End PBXProject section */

/* Begin PBXResourcesBuildPhase section */
		12CB91F728E5C6E0002BD7B2 /* Resources */ = {
			isa = PBXResourcesBuildPhase;
			buildActionMask = 2147483647;
			files = (
				12CB920428E5C6E1002BD7B2 /* Preview Assets.xcassets in Resources */,
				12CB920128E5C6E1002BD7B2 /* Assets.xcassets in Resources */,
				12ACAD2529951A0E00273834 /* GoogleService-Info.plist in Resources */,
			);
			runOnlyForDeploymentPostprocessing = 0;
		};
/* End PBXResourcesBuildPhase section */

/* Begin PBXShellScriptBuildPhase section */
		4C51D6F7A50A7695D8FD0FC9 /* [CP] Check Pods Manifest.lock */ = {
			isa = PBXShellScriptBuildPhase;
			buildActionMask = 2147483647;
			files = (
			);
			inputFileListPaths = (
			);
			inputPaths = (
				"${PODS_PODFILE_DIR_PATH}/Podfile.lock",
				"${PODS_ROOT}/Manifest.lock",
			);
			name = "[CP] Check Pods Manifest.lock";
			outputFileListPaths = (
			);
			outputPaths = (
				"$(DERIVED_FILE_DIR)/Pods-MinnanoTanjyoubi-checkManifestLockResult.txt",
			);
			runOnlyForDeploymentPostprocessing = 0;
			shellPath = /bin/sh;
			shellScript = "diff \"${PODS_PODFILE_DIR_PATH}/Podfile.lock\" \"${PODS_ROOT}/Manifest.lock\" > /dev/null\nif [ $? != 0 ] ; then\n    # print error to STDERR\n    echo \"error: The sandbox is not in sync with the Podfile.lock. Run 'pod install' or update your CocoaPods installation.\" >&2\n    exit 1\nfi\n# This output is used by Xcode 'outputs' to avoid re-running this script phase.\necho \"SUCCESS\" > \"${SCRIPT_OUTPUT_FILE_0}\"\n";
			showEnvVarsInLog = 0;
		};
		F014A423D9D1F42E9E895ED9 /* [CP] Embed Pods Frameworks */ = {
			isa = PBXShellScriptBuildPhase;
			buildActionMask = 2147483647;
			files = (
			);
			inputFileListPaths = (
				"${PODS_ROOT}/Target Support Files/Pods-MinnanoTanjyoubi/Pods-MinnanoTanjyoubi-frameworks-${CONFIGURATION}-input-files.xcfilelist",
			);
			name = "[CP] Embed Pods Frameworks";
			outputFileListPaths = (
				"${PODS_ROOT}/Target Support Files/Pods-MinnanoTanjyoubi/Pods-MinnanoTanjyoubi-frameworks-${CONFIGURATION}-output-files.xcfilelist",
			);
			runOnlyForDeploymentPostprocessing = 0;
			shellPath = /bin/sh;
			shellScript = "\"${PODS_ROOT}/Target Support Files/Pods-MinnanoTanjyoubi/Pods-MinnanoTanjyoubi-frameworks.sh\"\n";
			showEnvVarsInLog = 0;
		};
/* End PBXShellScriptBuildPhase section */

/* Begin PBXSourcesBuildPhase section */
		12CB91F528E5C6E0002BD7B2 /* Sources */ = {
			isa = PBXSourcesBuildPhase;
			buildActionMask = 2147483647;
			files = (
				12ACAD2C299C36CB00273834 /* UpSideView.swift in Sources */,
				12682BAA29A655FF00D0498F /* ExtensionViewModifier.swift in Sources */,
				12CB922828EB1529002BD7B2 /* NotificationRequestManager.swift in Sources */,
				12ACAD2A2998C1E100273834 /* HeaderView.swift in Sources */,
				12ACAD2729984D5400273834 /* DateManagerModel.swift in Sources */,
				12682BB729A7963200D0498F /* UpSideUserInfoView.swift in Sources */,
				12CB91FF28E5C6E1002BD7B2 /* ContentView.swift in Sources */,
				12ACAD2E299C36DB00273834 /* DownSideView.swift in Sources */,
				12682BAC29A6CC4F00D0498F /* ColorAsset.swift in Sources */,
				123F485829A256DB001B91B3 /* RelationEnum.swift in Sources */,
				12CB920C28E5C884002BD7B2 /* UserModels.swift in Sources */,
				12682BB129A785EE00D0498F /* SortedButtonView.swift in Sources */,
				123F485129A19A16001B91B3 /* CheckRowUserView.swift in Sources */,
				12ACAD34299FAE8D00273834 /* RewardButtonView.swift in Sources */,
				12CB921E28E9223C002BD7B2 /* RelationPickerView.swift in Sources */,
				12CB922028E92293002BD7B2 /* DatePickerView.swift in Sources */,
				12D0C7FF2953B7CD002C9C4E /* NotificationButtonView.swift in Sources */,
				123F485429A1D9BF001B91B3 /* RealmCrudManager.swift in Sources */,
				123F485B29A42083001B91B3 /* NoticeDateFlagView.swift in Sources */,
				123F485629A23886001B91B3 /* ControlPanelView.swift in Sources */,
				12CB921328E6FD43002BD7B2 /* RowUserView.swift in Sources */,
				12CB921A28E85952002BD7B2 /* SettingView.swift in Sources */,
				12CB922228E9241D002BD7B2 /* ShareButtonView.swift in Sources */,
				12CB920F28E5C89B002BD7B2 /* AdMobViewModels.swift in Sources */,
				12682BB929A80FFA00D0498F /* NoticeMsgView.swift in Sources */,
				12CB922628EB134D002BD7B2 /* AppDelegate.swift in Sources */,
				12CB921828E858DF002BD7B2 /* DetailUserView.swift in Sources */,
				12682BB329A788A200D0498F /* EntryButtonView.swift in Sources */,
				12682BB529A7949000D0498F /* MiddleUserInfoView.swift in Sources */,
				12CB91FD28E5C6E1002BD7B2 /* MinnanoTanjyoubiApp.swift in Sources */,
				12CB921128E64ABC002BD7B2 /* ListUserView.swift in Sources */,
				12682BAF29A784E600D0498F /* RemoveButtonView.swift in Sources */,
				12ACAD32299EDD6200273834 /* DeviceSizeModel.swift in Sources */,
				12CB925428EEC755002BD7B2 /* TimePickerView.swift in Sources */,
				12CB921628E6FF26002BD7B2 /* EntryUserView.swift in Sources */,
			);
			runOnlyForDeploymentPostprocessing = 0;
		};
/* End PBXSourcesBuildPhase section */

/* Begin XCBuildConfiguration section */
		12CB920528E5C6E1002BD7B2 /* Debug */ = {
			isa = XCBuildConfiguration;
			buildSettings = {
				ALWAYS_SEARCH_USER_PATHS = NO;
				CLANG_ANALYZER_NONNULL = YES;
				CLANG_ANALYZER_NUMBER_OBJECT_CONVERSION = YES_AGGRESSIVE;
				CLANG_CXX_LANGUAGE_STANDARD = "gnu++17";
				CLANG_ENABLE_MODULES = YES;
				CLANG_ENABLE_OBJC_ARC = YES;
				CLANG_ENABLE_OBJC_WEAK = YES;
				CLANG_WARN_BLOCK_CAPTURE_AUTORELEASING = YES;
				CLANG_WARN_BOOL_CONVERSION = YES;
				CLANG_WARN_COMMA = YES;
				CLANG_WARN_CONSTANT_CONVERSION = YES;
				CLANG_WARN_DEPRECATED_OBJC_IMPLEMENTATIONS = YES;
				CLANG_WARN_DIRECT_OBJC_ISA_USAGE = YES_ERROR;
				CLANG_WARN_DOCUMENTATION_COMMENTS = YES;
				CLANG_WARN_EMPTY_BODY = YES;
				CLANG_WARN_ENUM_CONVERSION = YES;
				CLANG_WARN_INFINITE_RECURSION = YES;
				CLANG_WARN_INT_CONVERSION = YES;
				CLANG_WARN_NON_LITERAL_NULL_CONVERSION = YES;
				CLANG_WARN_OBJC_IMPLICIT_RETAIN_SELF = YES;
				CLANG_WARN_OBJC_LITERAL_CONVERSION = YES;
				CLANG_WARN_OBJC_ROOT_CLASS = YES_ERROR;
				CLANG_WARN_QUOTED_INCLUDE_IN_FRAMEWORK_HEADER = YES;
				CLANG_WARN_RANGE_LOOP_ANALYSIS = YES;
				CLANG_WARN_STRICT_PROTOTYPES = YES;
				CLANG_WARN_SUSPICIOUS_MOVE = YES;
				CLANG_WARN_UNGUARDED_AVAILABILITY = YES_AGGRESSIVE;
				CLANG_WARN_UNREACHABLE_CODE = YES;
				CLANG_WARN__DUPLICATE_METHOD_MATCH = YES;
				COPY_PHASE_STRIP = NO;
				DEBUG_INFORMATION_FORMAT = dwarf;
				ENABLE_STRICT_OBJC_MSGSEND = YES;
				ENABLE_TESTABILITY = YES;
				GCC_C_LANGUAGE_STANDARD = gnu11;
				GCC_DYNAMIC_NO_PIC = NO;
				GCC_NO_COMMON_BLOCKS = YES;
				GCC_OPTIMIZATION_LEVEL = 0;
				GCC_PREPROCESSOR_DEFINITIONS = (
					"DEBUG=1",
					"$(inherited)",
				);
				GCC_WARN_64_TO_32_BIT_CONVERSION = YES;
				GCC_WARN_ABOUT_RETURN_TYPE = YES_ERROR;
				GCC_WARN_UNDECLARED_SELECTOR = YES;
				GCC_WARN_UNINITIALIZED_AUTOS = YES_AGGRESSIVE;
				GCC_WARN_UNUSED_FUNCTION = YES;
				GCC_WARN_UNUSED_VARIABLE = YES;
				IPHONEOS_DEPLOYMENT_TARGET = 16.0;
				MTL_ENABLE_DEBUG_INFO = INCLUDE_SOURCE;
				MTL_FAST_MATH = YES;
				ONLY_ACTIVE_ARCH = YES;
				SDKROOT = iphoneos;
				SWIFT_ACTIVE_COMPILATION_CONDITIONS = DEBUG;
				SWIFT_OPTIMIZATION_LEVEL = "-Onone";
			};
			name = Debug;
		};
		12CB920628E5C6E1002BD7B2 /* Release */ = {
			isa = XCBuildConfiguration;
			buildSettings = {
				ALWAYS_SEARCH_USER_PATHS = NO;
				CLANG_ANALYZER_NONNULL = YES;
				CLANG_ANALYZER_NUMBER_OBJECT_CONVERSION = YES_AGGRESSIVE;
				CLANG_CXX_LANGUAGE_STANDARD = "gnu++17";
				CLANG_ENABLE_MODULES = YES;
				CLANG_ENABLE_OBJC_ARC = YES;
				CLANG_ENABLE_OBJC_WEAK = YES;
				CLANG_WARN_BLOCK_CAPTURE_AUTORELEASING = YES;
				CLANG_WARN_BOOL_CONVERSION = YES;
				CLANG_WARN_COMMA = YES;
				CLANG_WARN_CONSTANT_CONVERSION = YES;
				CLANG_WARN_DEPRECATED_OBJC_IMPLEMENTATIONS = YES;
				CLANG_WARN_DIRECT_OBJC_ISA_USAGE = YES_ERROR;
				CLANG_WARN_DOCUMENTATION_COMMENTS = YES;
				CLANG_WARN_EMPTY_BODY = YES;
				CLANG_WARN_ENUM_CONVERSION = YES;
				CLANG_WARN_INFINITE_RECURSION = YES;
				CLANG_WARN_INT_CONVERSION = YES;
				CLANG_WARN_NON_LITERAL_NULL_CONVERSION = YES;
				CLANG_WARN_OBJC_IMPLICIT_RETAIN_SELF = YES;
				CLANG_WARN_OBJC_LITERAL_CONVERSION = YES;
				CLANG_WARN_OBJC_ROOT_CLASS = YES_ERROR;
				CLANG_WARN_QUOTED_INCLUDE_IN_FRAMEWORK_HEADER = YES;
				CLANG_WARN_RANGE_LOOP_ANALYSIS = YES;
				CLANG_WARN_STRICT_PROTOTYPES = YES;
				CLANG_WARN_SUSPICIOUS_MOVE = YES;
				CLANG_WARN_UNGUARDED_AVAILABILITY = YES_AGGRESSIVE;
				CLANG_WARN_UNREACHABLE_CODE = YES;
				CLANG_WARN__DUPLICATE_METHOD_MATCH = YES;
				COPY_PHASE_STRIP = NO;
				DEBUG_INFORMATION_FORMAT = "dwarf-with-dsym";
				ENABLE_NS_ASSERTIONS = NO;
				ENABLE_STRICT_OBJC_MSGSEND = YES;
				GCC_C_LANGUAGE_STANDARD = gnu11;
				GCC_NO_COMMON_BLOCKS = YES;
				GCC_WARN_64_TO_32_BIT_CONVERSION = YES;
				GCC_WARN_ABOUT_RETURN_TYPE = YES_ERROR;
				GCC_WARN_UNDECLARED_SELECTOR = YES;
				GCC_WARN_UNINITIALIZED_AUTOS = YES_AGGRESSIVE;
				GCC_WARN_UNUSED_FUNCTION = YES;
				GCC_WARN_UNUSED_VARIABLE = YES;
				IPHONEOS_DEPLOYMENT_TARGET = 16.0;
				MTL_ENABLE_DEBUG_INFO = NO;
				MTL_FAST_MATH = YES;
				SDKROOT = iphoneos;
				SWIFT_COMPILATION_MODE = wholemodule;
				SWIFT_OPTIMIZATION_LEVEL = "-O";
				VALIDATE_PRODUCT = YES;
			};
			name = Release;
		};
		12CB920828E5C6E1002BD7B2 /* Debug */ = {
			isa = XCBuildConfiguration;
			baseConfigurationReference = 13F3BE9ECF2FEC3AE4EF77C2 /* Pods-MinnanoTanjyoubi.debug.xcconfig */;
			buildSettings = {
				ASSETCATALOG_COMPILER_APPICON_NAME = AppIcon;
				ASSETCATALOG_COMPILER_GLOBAL_ACCENT_COLOR_NAME = AccentColor;
				CODE_SIGN_STYLE = Automatic;
				CURRENT_PROJECT_VERSION = 7;
				DEVELOPMENT_ASSET_PATHS = "\"MinnanoTanjyoubi/Preview Content\"";
				DEVELOPMENT_TEAM = CGD79LB65H;
				ENABLE_PREVIEWS = YES;
				GENERATE_INFOPLIST_FILE = YES;
				INFOPLIST_FILE = MinnanoTanjyoubi/Info.plist;
				INFOPLIST_KEY_CFBundleDisplayName = "みんなの誕生日";
				INFOPLIST_KEY_LSApplicationCategoryType = "public.app-category.lifestyle";
				INFOPLIST_KEY_UIApplicationSceneManifest_Generation = YES;
				INFOPLIST_KEY_UIApplicationSupportsIndirectInputEvents = YES;
				INFOPLIST_KEY_UILaunchScreen_Generation = YES;
				INFOPLIST_KEY_UISupportedInterfaceOrientations = UIInterfaceOrientationPortrait;
				INFOPLIST_KEY_UISupportedInterfaceOrientations_iPad = "UIInterfaceOrientationLandscapeLeft UIInterfaceOrientationLandscapeRight UIInterfaceOrientationPortrait UIInterfaceOrientationPortraitUpsideDown";
				INFOPLIST_KEY_UIUserInterfaceStyle = Light;
				IPHONEOS_DEPLOYMENT_TARGET = 16.0;
				LD_RUNPATH_SEARCH_PATHS = (
					"$(inherited)",
					"@executable_path/Frameworks",
				);
				MARKETING_VERSION = 2.3.2;
				PRODUCT_BUNDLE_IDENTIFIER = com.ame.MinnanoTanjyoubi;
				PRODUCT_NAME = "$(TARGET_NAME)";
				SWIFT_EMIT_LOC_STRINGS = YES;
				SWIFT_VERSION = 5.0;
				TARGETED_DEVICE_FAMILY = "1,2";
			};
			name = Debug;
		};
		12CB920928E5C6E1002BD7B2 /* Release */ = {
			isa = XCBuildConfiguration;
			baseConfigurationReference = 2D32FE4F74F4E74D9B1C5240 /* Pods-MinnanoTanjyoubi.release.xcconfig */;
			buildSettings = {
				ASSETCATALOG_COMPILER_APPICON_NAME = AppIcon;
				ASSETCATALOG_COMPILER_GLOBAL_ACCENT_COLOR_NAME = AccentColor;
				CODE_SIGN_STYLE = Automatic;
				CURRENT_PROJECT_VERSION = 7;
				DEVELOPMENT_ASSET_PATHS = "\"MinnanoTanjyoubi/Preview Content\"";
				DEVELOPMENT_TEAM = CGD79LB65H;
				ENABLE_PREVIEWS = YES;
				GENERATE_INFOPLIST_FILE = YES;
				INFOPLIST_FILE = MinnanoTanjyoubi/Info.plist;
				INFOPLIST_KEY_CFBundleDisplayName = "みんなの誕生日";
				INFOPLIST_KEY_LSApplicationCategoryType = "public.app-category.lifestyle";
				INFOPLIST_KEY_UIApplicationSceneManifest_Generation = YES;
				INFOPLIST_KEY_UIApplicationSupportsIndirectInputEvents = YES;
				INFOPLIST_KEY_UILaunchScreen_Generation = YES;
				INFOPLIST_KEY_UISupportedInterfaceOrientations = UIInterfaceOrientationPortrait;
				INFOPLIST_KEY_UISupportedInterfaceOrientations_iPad = "UIInterfaceOrientationLandscapeLeft UIInterfaceOrientationLandscapeRight UIInterfaceOrientationPortrait UIInterfaceOrientationPortraitUpsideDown";
				INFOPLIST_KEY_UIUserInterfaceStyle = Light;
				IPHONEOS_DEPLOYMENT_TARGET = 16.0;
				LD_RUNPATH_SEARCH_PATHS = (
					"$(inherited)",
					"@executable_path/Frameworks",
				);
				MARKETING_VERSION = 2.3.2;
				PRODUCT_BUNDLE_IDENTIFIER = com.ame.MinnanoTanjyoubi;
				PRODUCT_NAME = "$(TARGET_NAME)";
				SWIFT_EMIT_LOC_STRINGS = YES;
				SWIFT_VERSION = 5.0;
				TARGETED_DEVICE_FAMILY = "1,2";
			};
			name = Release;
		};
/* End XCBuildConfiguration section */

/* Begin XCConfigurationList section */
		12CB91F428E5C6E0002BD7B2 /* Build configuration list for PBXProject "MinnanoTanjyoubi" */ = {
			isa = XCConfigurationList;
			buildConfigurations = (
				12CB920528E5C6E1002BD7B2 /* Debug */,
				12CB920628E5C6E1002BD7B2 /* Release */,
			);
			defaultConfigurationIsVisible = 0;
			defaultConfigurationName = Release;
		};
		12CB920728E5C6E1002BD7B2 /* Build configuration list for PBXNativeTarget "MinnanoTanjyoubi" */ = {
			isa = XCConfigurationList;
			buildConfigurations = (
				12CB920828E5C6E1002BD7B2 /* Debug */,
				12CB920928E5C6E1002BD7B2 /* Release */,
			);
			defaultConfigurationIsVisible = 0;
			defaultConfigurationName = Release;
		};
/* End XCConfigurationList section */
	};
	rootObject = 12CB91F128E5C6E0002BD7B2 /* Project object */;
}
